
Microsoft Visual Studio Solution File, Format Version 12.00
# Visual Studio Version 17
VisualStudioVersion = 17.14.36603.0 d17.14
MinimumVisualStudioVersion = 10.0.40219.1
Project("{FAE04EC0-301F-11D3-BF4B-00C04F79EFBC}") = "MinhaPrimeiraAPI", "MinhaPrimeiraAPI\MinhaPrimeiraAPI.csproj", "{DDC21263-2C77-429D-BAA7-27B52172C037}"
EndProject
Global
	GlobalSection(SolutionConfigurationPlatforms) = preSolution
		Debug|Any CPU = Debug|Any CPU
		Release|Any CPU = Release|Any CPU
	EndGlobalSection
	GlobalSection(ProjectConfigurationPlatforms) = postSolution
		{DDC21263-2C77-429D-BAA7-27B52172C037}.Debug|Any CPU.ActiveCfg = Debug|Any CPU
		{DDC21263-2C77-429D-BAA7-27B52172C037}.Debug|Any CPU.Build.0 = Debug|Any CPU
		{DDC21263-2C77-429D-BAA7-27B52172C037}.Release|Any CPU.ActiveCfg = Release|Any CPU
		{DDC21263-2C77-429D-BAA7-27B52172C037}.Release|Any CPU.Build.0 = Release|Any CPU
	EndGlobalSection
	GlobalSection(SolutionProperties) = preSolution
		HideSolutionNode = FALSE
	EndGlobalSection
	GlobalSection(ExtensibilityGlobals) = postSolution
		SolutionGuid = {89799D7A-1093-46AF-96E4-E82AACE24D2F}
	EndGlobalSection
EndGlobal
